// !$*UTF8*$!
{
	archiveVersion = 1;
	classes = {
	};
	objectVersion = 48;
	objects = {

/* Begin PBXBuildFile section */
		CA252038204E367200AAE9C4 /* LocationDetailsVC.swift in Sources */ = {isa = PBXBuildFile; fileRef = CA252037204E367200AAE9C4 /* LocationDetailsVC.swift */; };
		CA25203B204EE96100AAE9C4 /* UIViewController+Segue.swift in Sources */ = {isa = PBXBuildFile; fileRef = CA25203A204EE96100AAE9C4 /* UIViewController+Segue.swift */; };
		CA25AF12204FED150085A1BD /* CategoryPickerVC.swift in Sources */ = {isa = PBXBuildFile; fileRef = CA25AF11204FED150085A1BD /* CategoryPickerVC.swift */; };
		CA406DF9205918D500805D8D /* LocationCell.swift in Sources */ = {isa = PBXBuildFile; fileRef = CA406DF8205918D500805D8D /* LocationCell.swift */; };
		CA550E232051183300E4B2A9 /* HUDView.swift in Sources */ = {isa = PBXBuildFile; fileRef = CA550E222051183300E4B2A9 /* HUDView.swift */; };
		CA597B992056210F0058576C /* Location+CoreDataClass.swift in Sources */ = {isa = PBXBuildFile; fileRef = CA597B972056210F0058576C /* Location+CoreDataClass.swift */; };
		CA597B9A2056210F0058576C /* Location+CoreDataProperties.swift in Sources */ = {isa = PBXBuildFile; fileRef = CA597B982056210F0058576C /* Location+CoreDataProperties.swift */; };
		CA76A1BB2049853A0049345A /* CurrentLocationVC.storyboard in Resources */ = {isa = PBXBuildFile; fileRef = CA76A1BA2049853A0049345A /* CurrentLocationVC.storyboard */; };
		CAC0D8CD2049547100817761 /* TabBarVC.swift in Sources */ = {isa = PBXBuildFile; fileRef = CAC0D8CC2049547100817761 /* TabBarVC.swift */; };
		CAC0D8D02049555A00817761 /* LocationsVC.swift in Sources */ = {isa = PBXBuildFile; fileRef = CAC0D8CF2049555A00817761 /* LocationsVC.swift */; };
		CAC0D8D22049556600817761 /* ThirdVC.swift in Sources */ = {isa = PBXBuildFile; fileRef = CAC0D8D12049556600817761 /* ThirdVC.swift */; };
		CAC0D8D6204955A800817761 /* ThirdVC.storyboard in Resources */ = {isa = PBXBuildFile; fileRef = CAC0D8D5204955A800817761 /* ThirdVC.storyboard */; };
		CAC0D8D8204955B200817761 /* LocationsVC.storyboard in Resources */ = {isa = PBXBuildFile; fileRef = CAC0D8D7204955B200817761 /* LocationsVC.storyboard */; };
		CAD33EB1205246DE001583EE /* Functions.swift in Sources */ = {isa = PBXBuildFile; fileRef = CAD33EB0205246DE001583EE /* Functions.swift */; };
		CAE069B8204AECE700130523 /* CurrentLocationVC.swift in Sources */ = {isa = PBXBuildFile; fileRef = CAE069B7204AECE700130523 /* CurrentLocationVC.swift */; };
		CAE9CE98204909F50027880D /* AppDelegate.swift in Sources */ = {isa = PBXBuildFile; fileRef = CAE9CE97204909F50027880D /* AppDelegate.swift */; };
		CAE9CE9A204909F50027880D /* MainVC.swift in Sources */ = {isa = PBXBuildFile; fileRef = CAE9CE99204909F50027880D /* MainVC.swift */; };
		CAE9CE9D204909F50027880D /* Main.storyboard in Resources */ = {isa = PBXBuildFile; fileRef = CAE9CE9B204909F50027880D /* Main.storyboard */; };
		CAE9CEA0204909F50027880D /* Snap_Tag.xcdatamodeld in Sources */ = {isa = PBXBuildFile; fileRef = CAE9CE9E204909F50027880D /* Snap_Tag.xcdatamodeld */; };
		CAE9CEA2204909F50027880D /* Assets.xcassets in Resources */ = {isa = PBXBuildFile; fileRef = CAE9CEA1204909F50027880D /* Assets.xcassets */; };
		CAE9CEA5204909F50027880D /* LaunchScreen.storyboard in Resources */ = {isa = PBXBuildFile; fileRef = CAE9CEA3204909F50027880D /* LaunchScreen.storyboard */; };
		CAE9CEAD20490B1C0027880D /* UIViewController+Instantiate.swift in Sources */ = {isa = PBXBuildFile; fileRef = CAE9CEAC20490B1C0027880D /* UIViewController+Instantiate.swift */; };
/* End PBXBuildFile section */

/* Begin PBXFileReference section */
		CA252037204E367200AAE9C4 /* LocationDetailsVC.swift */ = {isa = PBXFileReference; lastKnownFileType = sourcecode.swift; path = LocationDetailsVC.swift; sourceTree = "<group>"; };
		CA25203A204EE96100AAE9C4 /* UIViewController+Segue.swift */ = {isa = PBXFileReference; lastKnownFileType = sourcecode.swift; path = "UIViewController+Segue.swift"; sourceTree = "<group>"; };
		CA25AF11204FED150085A1BD /* CategoryPickerVC.swift */ = {isa = PBXFileReference; lastKnownFileType = sourcecode.swift; path = CategoryPickerVC.swift; sourceTree = "<group>"; };
		CA406DF8205918D500805D8D /* LocationCell.swift */ = {isa = PBXFileReference; lastKnownFileType = sourcecode.swift; name = LocationCell.swift; path = "Snap Tag/ViewControllers/Locations Tab/LocationCell.swift"; sourceTree = SOURCE_ROOT; };
		CA550E222051183300E4B2A9 /* HUDView.swift */ = {isa = PBXFileReference; lastKnownFileType = sourcecode.swift; path = HUDView.swift; sourceTree = "<group>"; };
		CA597B972056210F0058576C /* Location+CoreDataClass.swift */ = {isa = PBXFileReference; lastKnownFileType = sourcecode.swift; path = "Location+CoreDataClass.swift"; sourceTree = "<group>"; };
		CA597B982056210F0058576C /* Location+CoreDataProperties.swift */ = {isa = PBXFileReference; lastKnownFileType = sourcecode.swift; path = "Location+CoreDataProperties.swift"; sourceTree = "<group>"; };
		CA76A1BA2049853A0049345A /* CurrentLocationVC.storyboard */ = {isa = PBXFileReference; lastKnownFileType = file.storyboard; path = CurrentLocationVC.storyboard; sourceTree = "<group>"; };
		CAC0D8CC2049547100817761 /* TabBarVC.swift */ = {isa = PBXFileReference; lastKnownFileType = sourcecode.swift; path = TabBarVC.swift; sourceTree = "<group>"; };
		CAC0D8CF2049555A00817761 /* LocationsVC.swift */ = {isa = PBXFileReference; lastKnownFileType = sourcecode.swift; path = LocationsVC.swift; sourceTree = "<group>"; };
		CAC0D8D12049556600817761 /* ThirdVC.swift */ = {isa = PBXFileReference; lastKnownFileType = sourcecode.swift; path = ThirdVC.swift; sourceTree = "<group>"; };
		CAC0D8D5204955A800817761 /* ThirdVC.storyboard */ = {isa = PBXFileReference; lastKnownFileType = file.storyboard; path = ThirdVC.storyboard; sourceTree = "<group>"; };
		CAC0D8D7204955B200817761 /* LocationsVC.storyboard */ = {isa = PBXFileReference; lastKnownFileType = file.storyboard; path = LocationsVC.storyboard; sourceTree = "<group>"; };
		CAD33EB0205246DE001583EE /* Functions.swift */ = {isa = PBXFileReference; lastKnownFileType = sourcecode.swift; path = Functions.swift; sourceTree = "<group>"; };
		CAE069B7204AECE700130523 /* CurrentLocationVC.swift */ = {isa = PBXFileReference; lastKnownFileType = sourcecode.swift; path = CurrentLocationVC.swift; sourceTree = "<group>"; };
		CAE9CE94204909F50027880D /* Snap Tag.app */ = {isa = PBXFileReference; explicitFileType = wrapper.application; includeInIndex = 0; path = "Snap Tag.app"; sourceTree = BUILT_PRODUCTS_DIR; };
		CAE9CE97204909F50027880D /* AppDelegate.swift */ = {isa = PBXFileReference; lastKnownFileType = sourcecode.swift; path = AppDelegate.swift; sourceTree = "<group>"; };
		CAE9CE99204909F50027880D /* MainVC.swift */ = {isa = PBXFileReference; lastKnownFileType = sourcecode.swift; path = MainVC.swift; sourceTree = "<group>"; };
		CAE9CE9C204909F50027880D /* Base */ = {isa = PBXFileReference; lastKnownFileType = file.storyboard; name = Base; path = Base.lproj/Main.storyboard; sourceTree = "<group>"; };
		CAE9CE9F204909F50027880D /* Snap_Tag.xcdatamodel */ = {isa = PBXFileReference; lastKnownFileType = wrapper.xcdatamodel; path = Snap_Tag.xcdatamodel; sourceTree = "<group>"; };
		CAE9CEA1204909F50027880D /* Assets.xcassets */ = {isa = PBXFileReference; lastKnownFileType = folder.assetcatalog; path = Assets.xcassets; sourceTree = "<group>"; };
		CAE9CEA4204909F50027880D /* Base */ = {isa = PBXFileReference; lastKnownFileType = file.storyboard; name = Base; path = Base.lproj/LaunchScreen.storyboard; sourceTree = "<group>"; };
		CAE9CEA6204909F50027880D /* Info.plist */ = {isa = PBXFileReference; lastKnownFileType = text.plist.xml; path = Info.plist; sourceTree = "<group>"; };
		CAE9CEAC20490B1C0027880D /* UIViewController+Instantiate.swift */ = {isa = PBXFileReference; lastKnownFileType = sourcecode.swift; path = "UIViewController+Instantiate.swift"; sourceTree = "<group>"; };
/* End PBXFileReference section */

/* Begin PBXFrameworksBuildPhase section */
		CAE9CE91204909F50027880D /* Frameworks */ = {
			isa = PBXFrameworksBuildPhase;
			buildActionMask = 2147483647;
			files = (
			);
			runOnlyForDeploymentPostprocessing = 0;
		};
/* End PBXFrameworksBuildPhase section */

/* Begin PBXGroup section */
		CA550E242051184600E4B2A9 /* Utilities */ = {
			isa = PBXGroup;
			children = (
				CA550E222051183300E4B2A9 /* HUDView.swift */,
				CAD33EB0205246DE001583EE /* Functions.swift */,
			);
			path = Utilities;
			sourceTree = "<group>";
		};
		CA76A1BC204985400049345A /* Current Location Tab */ = {
			isa = PBXGroup;
			children = (
				CAE069B7204AECE700130523 /* CurrentLocationVC.swift */,
				CA252037204E367200AAE9C4 /* LocationDetailsVC.swift */,
				CA25AF11204FED150085A1BD /* CategoryPickerVC.swift */,
				CA76A1BA2049853A0049345A /* CurrentLocationVC.storyboard */,
			);
			path = "Current Location Tab";
			sourceTree = "<group>";
		};
		CA76A1BD204985590049345A /* ViewControllers */ = {
			isa = PBXGroup;
			children = (
				CAC0D8DB20497A0000817761 /* TabBarDashboard */,
				CA76A1BC204985400049345A /* Current Location Tab */,
				CAC0D8D32049556D00817761 /* Locations Tab */,
				CAC0D8D42049558200817761 /* Third */,
			);
			path = ViewControllers;
			sourceTree = "<group>";
		};
		CAC0D8CE204954ED00817761 /* Main */ = {
			isa = PBXGroup;
			children = (
				CAE9CE99204909F50027880D /* MainVC.swift */,
				CAE9CE9B204909F50027880D /* Main.storyboard */,
			);
			path = Main;
			sourceTree = "<group>";
		};
		CAC0D8D32049556D00817761 /* Locations Tab */ = {
			isa = PBXGroup;
			children = (
				CAC0D8CF2049555A00817761 /* LocationsVC.swift */,
				CA406DF8205918D500805D8D /* LocationCell.swift */,
				CAC0D8D7204955B200817761 /* LocationsVC.storyboard */,
			);
			path = "Locations Tab";
			sourceTree = "<group>";
		};
		CAC0D8D42049558200817761 /* Third */ = {
			isa = PBXGroup;
			children = (
				CAC0D8D12049556600817761 /* ThirdVC.swift */,
				CAC0D8D5204955A800817761 /* ThirdVC.storyboard */,
			);
			path = Third;
			sourceTree = "<group>";
		};
		CAC0D8DB20497A0000817761 /* TabBarDashboard */ = {
			isa = PBXGroup;
			children = (
				CAC0D8CC2049547100817761 /* TabBarVC.swift */,
			);
			path = TabBarDashboard;
			sourceTree = "<group>";
		};
		CAE9CE8B204909F50027880D = {
			isa = PBXGroup;
			children = (
				CAE9CE96204909F50027880D /* Snap Tag */,
				CAE9CE95204909F50027880D /* Products */,
			);
			sourceTree = "<group>";
		};
		CAE9CE95204909F50027880D /* Products */ = {
			isa = PBXGroup;
			children = (
				CAE9CE94204909F50027880D /* Snap Tag.app */,
			);
			name = Products;
			sourceTree = "<group>";
		};
		CAE9CE96204909F50027880D /* Snap Tag */ = {
			isa = PBXGroup;
			children = (
				CAE9CE97204909F50027880D /* AppDelegate.swift */,
				CA76A1BD204985590049345A /* ViewControllers */,
				CAFA0C34205A155A00987D9C /* DataModel */,
				CAC0D8CE204954ED00817761 /* Main */,
				CAE9CEA1204909F50027880D /* Assets.xcassets */,
				CAE9CEA3204909F50027880D /* LaunchScreen.storyboard */,
				CAE9CEA6204909F50027880D /* Info.plist */,
				CAE9CE9E204909F50027880D /* Snap_Tag.xcdatamodeld */,
				CAE9CEAE20490B2C0027880D /* Extensions */,
				CA550E242051184600E4B2A9 /* Utilities */,
			);
			path = "Snap Tag";
			sourceTree = "<group>";
		};
		CAE9CEAE20490B2C0027880D /* Extensions */ = {
			isa = PBXGroup;
			children = (
				CAE9CEAC20490B1C0027880D /* UIViewController+Instantiate.swift */,
				CA25203A204EE96100AAE9C4 /* UIViewController+Segue.swift */,
			);
			path = Extensions;
			sourceTree = "<group>";
		};
		CAFA0C34205A155A00987D9C /* DataModel */ = {
			isa = PBXGroup;
			children = (
				CA597B972056210F0058576C /* Location+CoreDataClass.swift */,
				CA597B982056210F0058576C /* Location+CoreDataProperties.swift */,
			);
			path = DataModel;
			sourceTree = "<group>";
		};
/* End PBXGroup section */

/* Begin PBXNativeTarget section */
		CAE9CE93204909F50027880D /* Snap Tag */ = {
			isa = PBXNativeTarget;
			buildConfigurationList = CAE9CEA9204909F50027880D /* Build configuration list for PBXNativeTarget "Snap Tag" */;
			buildPhases = (
				CAE9CE90204909F50027880D /* Sources */,
				CAE9CE91204909F50027880D /* Frameworks */,
				CAE9CE92204909F50027880D /* Resources */,
			);
			buildRules = (
			);
			dependencies = (
			);
			name = "Snap Tag";
			productName = "Snap Tag";
			productReference = CAE9CE94204909F50027880D /* Snap Tag.app */;
			productType = "com.apple.product-type.application";
		};
/* End PBXNativeTarget section */

/* Begin PBXProject section */
		CAE9CE8C204909F50027880D /* Project object */ = {
			isa = PBXProject;
			attributes = {
				LastSwiftUpdateCheck = 0920;
				LastUpgradeCheck = 0920;
				ORGANIZATIONNAME = "Afiq Ramli";
				TargetAttributes = {
					CAE9CE93204909F50027880D = {
						CreatedOnToolsVersion = 9.2;
						ProvisioningStyle = Automatic;
					};
				};
			};
			buildConfigurationList = CAE9CE8F204909F50027880D /* Build configuration list for PBXProject "Snap Tag" */;
			compatibilityVersion = "Xcode 8.0";
			developmentRegion = en;
			hasScannedForEncodings = 0;
			knownRegions = (
				en,
				Base,
			);
			mainGroup = CAE9CE8B204909F50027880D;
			productRefGroup = CAE9CE95204909F50027880D /* Products */;
			projectDirPath = "";
			projectRoot = "";
			targets = (
				CAE9CE93204909F50027880D /* Snap Tag */,
			);
		};
/* End PBXProject section */

/* Begin PBXResourcesBuildPhase section */
		CAE9CE92204909F50027880D /* Resources */ = {
			isa = PBXResourcesBuildPhase;
			buildActionMask = 2147483647;
			files = (
				CAE9CEA5204909F50027880D /* LaunchScreen.storyboard in Resources */,
				CAC0D8D8204955B200817761 /* LocationsVC.storyboard in Resources */,
				CAC0D8D6204955A800817761 /* ThirdVC.storyboard in Resources */,
				CAE9CEA2204909F50027880D /* Assets.xcassets in Resources */,
				CA76A1BB2049853A0049345A /* CurrentLocationVC.storyboard in Resources */,
				CAE9CE9D204909F50027880D /* Main.storyboard in Resources */,
			);
			runOnlyForDeploymentPostprocessing = 0;
		};
/* End PBXResourcesBuildPhase section */

/* Begin PBXSourcesBuildPhase section */
		CAE9CE90204909F50027880D /* Sources */ = {
			isa = PBXSourcesBuildPhase;
			buildActionMask = 2147483647;
			files = (
				CA597B992056210F0058576C /* Location+CoreDataClass.swift in Sources */,
				CA550E232051183300E4B2A9 /* HUDView.swift in Sources */,
				CA25203B204EE96100AAE9C4 /* UIViewController+Segue.swift in Sources */,
				CAE9CEA0204909F50027880D /* Snap_Tag.xcdatamodeld in Sources */,
				CAE9CEAD20490B1C0027880D /* UIViewController+Instantiate.swift in Sources */,
				CA25AF12204FED150085A1BD /* CategoryPickerVC.swift in Sources */,
				CA406DF9205918D500805D8D /* LocationCell.swift in Sources */,
				CAD33EB1205246DE001583EE /* Functions.swift in Sources */,
				CAC0D8CD2049547100817761 /* TabBarVC.swift in Sources */,
				CA252038204E367200AAE9C4 /* LocationDetailsVC.swift in Sources */,
				CAC0D8D22049556600817761 /* ThirdVC.swift in Sources */,
				CAE9CE9A204909F50027880D /* MainVC.swift in Sources */,
				CAC0D8D02049555A00817761 /* LocationsVC.swift in Sources */,
				CAE9CE98204909F50027880D /* AppDelegate.swift in Sources */,
				CAE069B8204AECE700130523 /* CurrentLocationVC.swift in Sources */,
				CA597B9A2056210F0058576C /* Location+CoreDataProperties.swift in Sources */,
			);
			runOnlyForDeploymentPostprocessing = 0;
		};
/* End PBXSourcesBuildPhase section */

/* Begin PBXVariantGroup section */
		CAE9CE9B204909F50027880D /* Main.storyboard */ = {
			isa = PBXVariantGroup;
			children = (
				CAE9CE9C204909F50027880D /* Base */,
			);
			name = Main.storyboard;
			sourceTree = "<group>";
		};
		CAE9CEA3204909F50027880D /* LaunchScreen.storyboard */ = {
			isa = PBXVariantGroup;
			children = (
				CAE9CEA4204909F50027880D /* Base */,
			);
			name = LaunchScreen.storyboard;
			sourceTree = "<group>";
		};
/* End PBXVariantGroup section */

/* Begin XCBuildConfiguration section */
		CAE9CEA7204909F50027880D /* Debug */ = {
			isa = XCBuildConfiguration;
			buildSettings = {
				ALWAYS_SEARCH_USER_PATHS = NO;
				CLANG_ANALYZER_NONNULL = YES;
				CLANG_ANALYZER_NUMBER_OBJECT_CONVERSION = YES_AGGRESSIVE;
				CLANG_CXX_LANGUAGE_STANDARD = "gnu++14";
				CLANG_CXX_LIBRARY = "libc++";
				CLANG_ENABLE_MODULES = YES;
				CLANG_ENABLE_OBJC_ARC = YES;
				CLANG_WARN_BLOCK_CAPTURE_AUTORELEASING = YES;
				CLANG_WARN_BOOL_CONVERSION = YES;
				CLANG_WARN_COMMA = YES;
				CLANG_WARN_CONSTANT_CONVERSION = YES;
				CLANG_WARN_DIRECT_OBJC_ISA_USAGE = YES_ERROR;
				CLANG_WARN_DOCUMENTATION_COMMENTS = YES;
				CLANG_WARN_EMPTY_BODY = YES;
				CLANG_WARN_ENUM_CONVERSION = YES;
				CLANG_WARN_INFINITE_RECURSION = YES;
				CLANG_WARN_INT_CONVERSION = YES;
				CLANG_WARN_NON_LITERAL_NULL_CONVERSION = YES;
				CLANG_WARN_OBJC_LITERAL_CONVERSION = YES;
				CLANG_WARN_OBJC_ROOT_CLASS = YES_ERROR;
				CLANG_WARN_RANGE_LOOP_ANALYSIS = YES;
				CLANG_WARN_STRICT_PROTOTYPES = YES;
				CLANG_WARN_SUSPICIOUS_MOVE = YES;
				CLANG_WARN_UNGUARDED_AVAILABILITY = YES_AGGRESSIVE;
				CLANG_WARN_UNREACHABLE_CODE = YES;
				CLANG_WARN__DUPLICATE_METHOD_MATCH = YES;
				CODE_SIGN_IDENTITY = "iPhone Developer";
				COPY_PHASE_STRIP = NO;
				DEBUG_INFORMATION_FORMAT = dwarf;
				ENABLE_STRICT_OBJC_MSGSEND = YES;
				ENABLE_TESTABILITY = YES;
				GCC_C_LANGUAGE_STANDARD = gnu11;
				GCC_DYNAMIC_NO_PIC = NO;
				GCC_NO_COMMON_BLOCKS = YES;
				GCC_OPTIMIZATION_LEVEL = 0;
				GCC_PREPROCESSOR_DEFINITIONS = (
					"DEBUG=1",
					"$(inherited)",
				);
				GCC_WARN_64_TO_32_BIT_CONVERSION = YES;
				GCC_WARN_ABOUT_RETURN_TYPE = YES_ERROR;
				GCC_WARN_UNDECLARED_SELECTOR = YES;
				GCC_WARN_UNINITIALIZED_AUTOS = YES_AGGRESSIVE;
				GCC_WARN_UNUSED_FUNCTION = YES;
				GCC_WARN_UNUSED_VARIABLE = YES;
				IPHONEOS_DEPLOYMENT_TARGET = 11.2;
				MTL_ENABLE_DEBUG_INFO = YES;
				ONLY_ACTIVE_ARCH = YES;
				SDKROOT = iphoneos;
				SWIFT_ACTIVE_COMPILATION_CONDITIONS = DEBUG;
				SWIFT_OPTIMIZATION_LEVEL = "-Onone";
			};
			name = Debug;
		};
		CAE9CEA8204909F50027880D /* Release */ = {
			isa = XCBuildConfiguration;
			buildSettings = {
				ALWAYS_SEARCH_USER_PATHS = NO;
				CLANG_ANALYZER_NONNULL = YES;
				CLANG_ANALYZER_NUMBER_OBJECT_CONVERSION = YES_AGGRESSIVE;
				CLANG_CXX_LANGUAGE_STANDARD = "gnu++14";
				CLANG_CXX_LIBRARY = "libc++";
				CLANG_ENABLE_MODULES = YES;
				CLANG_ENABLE_OBJC_ARC = YES;
				CLANG_WARN_BLOCK_CAPTURE_AUTORELEASING = YES;
				CLANG_WARN_BOOL_CONVERSION = YES;
				CLANG_WARN_COMMA = YES;
				CLANG_WARN_CONSTANT_CONVERSION = YES;
				CLANG_WARN_DIRECT_OBJC_ISA_USAGE = YES_ERROR;
				CLANG_WARN_DOCUMENTATION_COMMENTS = YES;
				CLANG_WARN_EMPTY_BODY = YES;
				CLANG_WARN_ENUM_CONVERSION = YES;
				CLANG_WARN_INFINITE_RECURSION = YES;
				CLANG_WARN_INT_CONVERSION = YES;
				CLANG_WARN_NON_LITERAL_NULL_CONVERSION = YES;
				CLANG_WARN_OBJC_LITERAL_CONVERSION = YES;
				CLANG_WARN_OBJC_ROOT_CLASS = YES_ERROR;
				CLANG_WARN_RANGE_LOOP_ANALYSIS = YES;
				CLANG_WARN_STRICT_PROTOTYPES = YES;
				CLANG_WARN_SUSPICIOUS_MOVE = YES;
				CLANG_WARN_UNGUARDED_AVAILABILITY = YES_AGGRESSIVE;
				CLANG_WARN_UNREACHABLE_CODE = YES;
				CLANG_WARN__DUPLICATE_METHOD_MATCH = YES;
				CODE_SIGN_IDENTITY = "iPhone Developer";
				COPY_PHASE_STRIP = NO;
				DEBUG_INFORMATION_FORMAT = "dwarf-with-dsym";
				ENABLE_NS_ASSERTIONS = NO;
				ENABLE_STRICT_OBJC_MSGSEND = YES;
				GCC_C_LANGUAGE_STANDARD = gnu11;
				GCC_NO_COMMON_BLOCKS = YES;
				GCC_WARN_64_TO_32_BIT_CONVERSION = YES;
				GCC_WARN_ABOUT_RETURN_TYPE = YES_ERROR;
				GCC_WARN_UNDECLARED_SELECTOR = YES;
				GCC_WARN_UNINITIALIZED_AUTOS = YES_AGGRESSIVE;
				GCC_WARN_UNUSED_FUNCTION = YES;
				GCC_WARN_UNUSED_VARIABLE = YES;
				IPHONEOS_DEPLOYMENT_TARGET = 11.2;
				MTL_ENABLE_DEBUG_INFO = NO;
				SDKROOT = iphoneos;
				SWIFT_OPTIMIZATION_LEVEL = "-Owholemodule";
				VALIDATE_PRODUCT = YES;
			};
			name = Release;
		};
		CAE9CEAA204909F50027880D /* Debug */ = {
			isa = XCBuildConfiguration;
			buildSettings = {
				ASSETCATALOG_COMPILER_APPICON_NAME = AppIcon;
				CODE_SIGN_STYLE = Automatic;
				INFOPLIST_FILE = "Snap Tag/Info.plist";
				LD_RUNPATH_SEARCH_PATHS = "$(inherited) @executable_path/Frameworks";
				PRODUCT_BUNDLE_IDENTIFIER = "com.afiqramli.Snap-Tag";
				PRODUCT_NAME = "$(TARGET_NAME)";
				SWIFT_VERSION = 4.0;
				TARGETED_DEVICE_FAMILY = "1,2";
			};
			name = Debug;
		};
		CAE9CEAB204909F50027880D /* Release */ = {
			isa = XCBuildConfiguration;
			buildSettings = {
				ASSETCATALOG_COMPILER_APPICON_NAME = AppIcon;
				CODE_SIGN_STYLE = Automatic;
				INFOPLIST_FILE = "Snap Tag/Info.plist";
				LD_RUNPATH_SEARCH_PATHS = "$(inherited) @executable_path/Frameworks";
				PRODUCT_BUNDLE_IDENTIFIER = "com.afiqramli.Snap-Tag";
				PRODUCT_NAME = "$(TARGET_NAME)";
				SWIFT_VERSION = 4.0;
				TARGETED_DEVICE_FAMILY = "1,2";
			};
			name = Release;
		};
/* End XCBuildConfiguration section */

/* Begin XCConfigurationList section */
		CAE9CE8F204909F50027880D /* Build configuration list for PBXProject "Snap Tag" */ = {
			isa = XCConfigurationList;
			buildConfigurations = (
				CAE9CEA7204909F50027880D /* Debug */,
				CAE9CEA8204909F50027880D /* Release */,
			);
			defaultConfigurationIsVisible = 0;
			defaultConfigurationName = Release;
		};
		CAE9CEA9204909F50027880D /* Build configuration list for PBXNativeTarget "Snap Tag" */ = {
			isa = XCConfigurationList;
			buildConfigurations = (
				CAE9CEAA204909F50027880D /* Debug */,
				CAE9CEAB204909F50027880D /* Release */,
			);
			defaultConfigurationIsVisible = 0;
			defaultConfigurationName = Release;
		};
/* End XCConfigurationList section */

/* Begin XCVersionGroup section */
		CAE9CE9E204909F50027880D /* Snap_Tag.xcdatamodeld */ = {
			isa = XCVersionGroup;
			children = (
				CAE9CE9F204909F50027880D /* Snap_Tag.xcdatamodel */,
			);
			currentVersion = CAE9CE9F204909F50027880D /* Snap_Tag.xcdatamodel */;
			path = Snap_Tag.xcdatamodeld;
			sourceTree = "<group>";
			versionGroupType = wrapper.xcdatamodel;
		};
/* End XCVersionGroup section */
	};
	rootObject = CAE9CE8C204909F50027880D /* Project object */;
}
