// !$*UTF8*$!
{
	archiveVersion = 1;
	classes = {
	};
	objectVersion = 48;
	objects = {

/* Begin PBXBuildFile section */
		CAE9CE98204909F50027880D /* AppDelegate.swift in Sources */ = {isa = PBXBuildFile; fileRef = CAE9CE97204909F50027880D /* AppDelegate.swift */; };
		CAE9CE9A204909F50027880D /* ViewController.swift in Sources */ = {isa = PBXBuildFile; fileRef = CAE9CE99204909F50027880D /* ViewController.swift */; };
		CAE9CE9D204909F50027880D /* Main.storyboard in Resources */ = {isa = PBXBuildFile; fileRef = CAE9CE9B204909F50027880D /* Main.storyboard */; };
		CAE9CEA0204909F50027880D /* Snap_Tag.xcdatamodeld in Sources */ = {isa = PBXBuildFile; fileRef = CAE9CE9E204909F50027880D /* Snap_Tag.xcdatamodeld */; };
		CAE9CEA2204909F50027880D /* Assets.xcassets in Resources */ = {isa = PBXBuildFile; fileRef = CAE9CEA1204909F50027880D /* Assets.xcassets */; };
		CAE9CEA5204909F50027880D /* LaunchScreen.storyboard in Resources */ = {isa = PBXBuildFile; fileRef = CAE9CEA3204909F50027880D /* LaunchScreen.storyboard */; };
/* End PBXBuildFile section */

/* Begin PBXFileReference section */
		CAE9CE94204909F50027880D /* Snap Tag.app */ = {isa = PBXFileReference; explicitFileType = wrapper.application; includeInIndex = 0; path = "Snap Tag.app"; sourceTree = BUILT_PRODUCTS_DIR; };
		CAE9CE97204909F50027880D /* AppDelegate.swift */ = {isa = PBXFileReference; lastKnownFileType = sourcecode.swift; path = AppDelegate.swift; sourceTree = "<group>"; };
		CAE9CE99204909F50027880D /* ViewController.swift */ = {isa = PBXFileReference; lastKnownFileType = sourcecode.swift; path = ViewController.swift; sourceTree = "<group>"; };
		CAE9CE9C204909F50027880D /* Base */ = {isa = PBXFileReference; lastKnownFileType = file.storyboard; name = Base; path = Base.lproj/Main.storyboard; sourceTree = "<group>"; };
		CAE9CE9F204909F50027880D /* Snap_Tag.xcdatamodel */ = {isa = PBXFileReference; lastKnownFileType = wrapper.xcdatamodel; path = Snap_Tag.xcdatamodel; sourceTree = "<group>"; };
		CAE9CEA1204909F50027880D /* Assets.xcassets */ = {isa = PBXFileReference; lastKnownFileType = folder.assetcatalog; path = Assets.xcassets; sourceTree = "<group>"; };
		CAE9CEA4204909F50027880D /* Base */ = {isa = PBXFileReference; lastKnownFileType = file.storyboard; name = Base; path = Base.lproj/LaunchScreen.storyboard; sourceTree = "<group>"; };
		CAE9CEA6204909F50027880D /* Info.plist */ = {isa = PBXFileReference; lastKnownFileType = text.plist.xml; path = Info.plist; sourceTree = "<group>"; };
/* End PBXFileReference section */

/* Begin PBXFrameworksBuildPhase section */
		CAE9CE91204909F50027880D /* Frameworks */ = {
			isa = PBXFrameworksBuildPhase;
			buildActionMask = 2147483647;
			files = (
			);
			runOnlyForDeploymentPostprocessing = 0;
		};
/* End PBXFrameworksBuildPhase section */

/* Begin PBXGroup section */
		CAE9CE8B204909F50027880D = {
			isa = PBXGroup;
			children = (
				CAE9CE96204909F50027880D /* Snap Tag */,
				CAE9CE95204909F50027880D /* Products */,
			);
			sourceTree = "<group>";
		};
		CAE9CE95204909F50027880D /* Products */ = {
			isa = PBXGroup;
			children = (
				CAE9CE94204909F50027880D /* Snap Tag.app */,
			);
			name = Products;
			sourceTree = "<group>";
		};
		CAE9CE96204909F50027880D /* Snap Tag */ = {
			isa = PBXGroup;
			children = (
				CAE9CE97204909F50027880D /* AppDelegate.swift */,
				CAE9CE99204909F50027880D /* ViewController.swift */,
				CAE9CE9B204909F50027880D /* Main.storyboard */,
				CAE9CEA1204909F50027880D /* Assets.xcassets */,
				CAE9CEA3204909F50027880D /* LaunchScreen.storyboard */,
				CAE9CEA6204909F50027880D /* Info.plist */,
				CAE9CE9E204909F50027880D /* Snap_Tag.xcdatamodeld */,
			);
			path = "Snap Tag";
			sourceTree = "<group>";
		};
/* End PBXGroup section */

/* Begin PBXNativeTarget section */
		CAE9CE93204909F50027880D /* Snap Tag */ = {
			isa = PBXNativeTarget;
			buildConfigurationList = CAE9CEA9204909F50027880D /* Build configuration list for PBXNativeTarget "Snap Tag" */;
			buildPhases = (
				CAE9CE90204909F50027880D /* Sources */,
				CAE9CE91204909F50027880D /* Frameworks */,
				CAE9CE92204909F50027880D /* Resources */,
			);
			buildRules = (
			);
			dependencies = (
			);
			name = "Snap Tag";
			productName = "Snap Tag";
			productReference = CAE9CE94204909F50027880D /* Snap Tag.app */;
			productType = "com.apple.product-type.application";
		};
/* End PBXNativeTarget section */

/* Begin PBXProject section */
		CAE9CE8C204909F50027880D /* Project object */ = {
			isa = PBXProject;
			attributes = {
				LastSwiftUpdateCheck = 0920;
				LastUpgradeCheck = 0920;
				ORGANIZATIONNAME = "Afiq Ramli";
				TargetAttributes = {
					CAE9CE93204909F50027880D = {
						CreatedOnToolsVersion = 9.2;
						ProvisioningStyle = Automatic;
					};
				};
			};
			buildConfigurationList = CAE9CE8F204909F50027880D /* Build configuration list for PBXProject "Snap Tag" */;
			compatibilityVersion = "Xcode 8.0";
			developmentRegion = en;
			hasScannedForEncodings = 0;
			knownRegions = (
				en,
				Base,
			);
			mainGroup = CAE9CE8B204909F50027880D;
			productRefGroup = CAE9CE95204909F50027880D /* Products */;
			projectDirPath = "";
			projectRoot = "";
			targets = (
				CAE9CE93204909F50027880D /* Snap Tag */,
			);
		};
/* End PBXProject section */

/* Begin PBXResourcesBuildPhase section */
		CAE9CE92204909F50027880D /* Resources */ = {
			isa = PBXResourcesBuildPhase;
			buildActionMask = 2147483647;
			files = (
				CAE9CEA5204909F50027880D /* LaunchScreen.storyboard in Resources */,
				CAE9CEA2204909F50027880D /* Assets.xcassets in Resources */,
				CAE9CE9D204909F50027880D /* Main.storyboard in Resources */,
			);
			runOnlyForDeploymentPostprocessing = 0;
		};
/* End PBXResourcesBuildPhase section */

/* Begin PBXSourcesBuildPhase section */
		CAE9CE90204909F50027880D /* Sources */ = {
			isa = PBXSourcesBuildPhase;
			buildActionMask = 2147483647;
			files = (
				CAE9CEA0204909F50027880D /* Snap_Tag.xcdatamodeld in Sources */,
				CAE9CE9A204909F50027880D /* ViewController.swift in Sources */,
				CAE9CE98204909F50027880D /* AppDelegate.swift in Sources */,
			);
			runOnlyForDeploymentPostprocessing = 0;
		};
/* End PBXSourcesBuildPhase section */

/* Begin PBXVariantGroup section */
		CAE9CE9B204909F50027880D /* Main.storyboard */ = {
			isa = PBXVariantGroup;
			children = (
				CAE9CE9C204909F50027880D /* Base */,
			);
			name = Main.storyboard;
			sourceTree = "<group>";
		};
		CAE9CEA3204909F50027880D /* LaunchScreen.storyboard */ = {
			isa = PBXVariantGroup;
			children = (
				CAE9CEA4204909F50027880D /* Base */,
			);
			name = LaunchScreen.storyboard;
			sourceTree = "<group>";
		};
/* End PBXVariantGroup section */

/* Begin XCBuildConfiguration section */
		CAE9CEA7204909F50027880D /* Debug */ = {
			isa = XCBuildConfiguration;
			buildSettings = {
				ALWAYS_SEARCH_USER_PATHS = NO;
				CLANG_ANALYZER_NONNULL = YES;
				CLANG_ANALYZER_NUMBER_OBJECT_CONVERSION = YES_AGGRESSIVE;
				CLANG_CXX_LANGUAGE_STANDARD = "gnu++14";
				CLANG_CXX_LIBRARY = "libc++";
				CLANG_ENABLE_MODULES = YES;
				CLANG_ENABLE_OBJC_ARC = YES;
				CLANG_WARN_BLOCK_CAPTURE_AUTORELEASING = YES;
				CLANG_WARN_BOOL_CONVERSION = YES;
				CLANG_WARN_COMMA = YES;
				CLANG_WARN_CONSTANT_CONVERSION = YES;
				CLANG_WARN_DIRECT_OBJC_ISA_USAGE = YES_ERROR;
				CLANG_WARN_DOCUMENTATION_COMMENTS = YES;
				CLANG_WARN_EMPTY_BODY = YES;
				CLANG_WARN_ENUM_CONVERSION = YES;
				CLANG_WARN_INFINITE_RECURSION = YES;
				CLANG_WARN_INT_CONVERSION = YES;
				CLANG_WARN_NON_LITERAL_NULL_CONVERSION = YES;
				CLANG_WARN_OBJC_LITERAL_CONVERSION = YES;
				CLANG_WARN_OBJC_ROOT_CLASS = YES_ERROR;
				CLANG_WARN_RANGE_LOOP_ANALYSIS = YES;
				CLANG_WARN_STRICT_PROTOTYPES = YES;
				CLANG_WARN_SUSPICIOUS_MOVE = YES;
				CLANG_WARN_UNGUARDED_AVAILABILITY = YES_AGGRESSIVE;
				CLANG_WARN_UNREACHABLE_CODE = YES;
				CLANG_WARN__DUPLICATE_METHOD_MATCH = YES;
				CODE_SIGN_IDENTITY = "iPhone Developer";
				COPY_PHASE_STRIP = NO;
				DEBUG_INFORMATION_FORMAT = dwarf;
				ENABLE_STRICT_OBJC_MSGSEND = YES;
				ENABLE_TESTABILITY = YES;
				GCC_C_LANGUAGE_STANDARD = gnu11;
				GCC_DYNAMIC_NO_PIC = NO;
				GCC_NO_COMMON_BLOCKS = YES;
				GCC_OPTIMIZATION_LEVEL = 0;
				GCC_PREPROCESSOR_DEFINITIONS = (
					"DEBUG=1",
					"$(inherited)",
				);
				GCC_WARN_64_TO_32_BIT_CONVERSION = YES;
				GCC_WARN_ABOUT_RETURN_TYPE = YES_ERROR;
				GCC_WARN_UNDECLARED_SELECTOR = YES;
				GCC_WARN_UNINITIALIZED_AUTOS = YES_AGGRESSIVE;
				GCC_WARN_UNUSED_FUNCTION = YES;
				GCC_WARN_UNUSED_VARIABLE = YES;
				IPHONEOS_DEPLOYMENT_TARGET = 11.2;
				MTL_ENABLE_DEBUG_INFO = YES;
				ONLY_ACTIVE_ARCH = YES;
				SDKROOT = iphoneos;
				SWIFT_ACTIVE_COMPILATION_CONDITIONS = DEBUG;
				SWIFT_OPTIMIZATION_LEVEL = "-Onone";
			};
			name = Debug;
		};
		CAE9CEA8204909F50027880D /* Release */ = {
			isa = XCBuildConfiguration;
			buildSettings = {
				ALWAYS_SEARCH_USER_PATHS = NO;
				CLANG_ANALYZER_NONNULL = YES;
				CLANG_ANALYZER_NUMBER_OBJECT_CONVERSION = YES_AGGRESSIVE;
				CLANG_CXX_LANGUAGE_STANDARD = "gnu++14";
				CLANG_CXX_LIBRARY = "libc++";
				CLANG_ENABLE_MODULES = YES;
				CLANG_ENABLE_OBJC_ARC = YES;
				CLANG_WARN_BLOCK_CAPTURE_AUTORELEASING = YES;
				CLANG_WARN_BOOL_CONVERSION = YES;
				CLANG_WARN_COMMA = YES;
				CLANG_WARN_CONSTANT_CONVERSION = YES;
				CLANG_WARN_DIRECT_OBJC_ISA_USAGE = YES_ERROR;
				CLANG_WARN_DOCUMENTATION_COMMENTS = YES;
				CLANG_WARN_EMPTY_BODY = YES;
				CLANG_WARN_ENUM_CONVERSION = YES;
				CLANG_WARN_INFINITE_RECURSION = YES;
				CLANG_WARN_INT_CONVERSION = YES;
				CLANG_WARN_NON_LITERAL_NULL_CONVERSION = YES;
				CLANG_WARN_OBJC_LITERAL_CONVERSION = YES;
				CLANG_WARN_OBJC_ROOT_CLASS = YES_ERROR;
				CLANG_WARN_RANGE_LOOP_ANALYSIS = YES;
				CLANG_WARN_STRICT_PROTOTYPES = YES;
				CLANG_WARN_SUSPICIOUS_MOVE = YES;
				CLANG_WARN_UNGUARDED_AVAILABILITY = YES_AGGRESSIVE;
				CLANG_WARN_UNREACHABLE_CODE = YES;
				CLANG_WARN__DUPLICATE_METHOD_MATCH = YES;
				CODE_SIGN_IDENTITY = "iPhone Developer";
				COPY_PHASE_STRIP = NO;
				DEBUG_INFORMATION_FORMAT = "dwarf-with-dsym";
				ENABLE_NS_ASSERTIONS = NO;
				ENABLE_STRICT_OBJC_MSGSEND = YES;
				GCC_C_LANGUAGE_STANDARD = gnu11;
				GCC_NO_COMMON_BLOCKS = YES;
				GCC_WARN_64_TO_32_BIT_CONVERSION = YES;
				GCC_WARN_ABOUT_RETURN_TYPE = YES_ERROR;
				GCC_WARN_UNDECLARED_SELECTOR = YES;
				GCC_WARN_UNINITIALIZED_AUTOS = YES_AGGRESSIVE;
				GCC_WARN_UNUSED_FUNCTION = YES;
				GCC_WARN_UNUSED_VARIABLE = YES;
				IPHONEOS_DEPLOYMENT_TARGET = 11.2;
				MTL_ENABLE_DEBUG_INFO = NO;
				SDKROOT = iphoneos;
				SWIFT_OPTIMIZATION_LEVEL = "-Owholemodule";
				VALIDATE_PRODUCT = YES;
			};
			name = Release;
		};
		CAE9CEAA204909F50027880D /* Debug */ = {
			isa = XCBuildConfiguration;
			buildSettings = {
				ASSETCATALOG_COMPILER_APPICON_NAME = AppIcon;
				CODE_SIGN_STYLE = Automatic;
				INFOPLIST_FILE = "Snap Tag/Info.plist";
				LD_RUNPATH_SEARCH_PATHS = "$(inherited) @executable_path/Frameworks";
				PRODUCT_BUNDLE_IDENTIFIER = "com.afiqramli.Snap-Tag";
				PRODUCT_NAME = "$(TARGET_NAME)";
				SWIFT_VERSION = 4.0;
				TARGETED_DEVICE_FAMILY = "1,2";
			};
			name = Debug;
		};
		CAE9CEAB204909F50027880D /* Release */ = {
			isa = XCBuildConfiguration;
			buildSettings = {
				ASSETCATALOG_COMPILER_APPICON_NAME = AppIcon;
				CODE_SIGN_STYLE = Automatic;
				INFOPLIST_FILE = "Snap Tag/Info.plist";
				LD_RUNPATH_SEARCH_PATHS = "$(inherited) @executable_path/Frameworks";
				PRODUCT_BUNDLE_IDENTIFIER = "com.afiqramli.Snap-Tag";
				PRODUCT_NAME = "$(TARGET_NAME)";
				SWIFT_VERSION = 4.0;
				TARGETED_DEVICE_FAMILY = "1,2";
			};
			name = Release;
		};
/* End XCBuildConfiguration section */

/* Begin XCConfigurationList section */
		CAE9CE8F204909F50027880D /* Build configuration list for PBXProject "Snap Tag" */ = {
			isa = XCConfigurationList;
			buildConfigurations = (
				CAE9CEA7204909F50027880D /* Debug */,
				CAE9CEA8204909F50027880D /* Release */,
			);
			defaultConfigurationIsVisible = 0;
			defaultConfigurationName = Release;
		};
		CAE9CEA9204909F50027880D /* Build configuration list for PBXNativeTarget "Snap Tag" */ = {
			isa = XCConfigurationList;
			buildConfigurations = (
				CAE9CEAA204909F50027880D /* Debug */,
				CAE9CEAB204909F50027880D /* Release */,
			);
			defaultConfigurationIsVisible = 0;
			defaultConfigurationName = Release;
		};
/* End XCConfigurationList section */

/* Begin XCVersionGroup section */
		CAE9CE9E204909F50027880D /* Snap_Tag.xcdatamodeld */ = {
			isa = XCVersionGroup;
			children = (
				CAE9CE9F204909F50027880D /* Snap_Tag.xcdatamodel */,
			);
			currentVersion = CAE9CE9F204909F50027880D /* Snap_Tag.xcdatamodel */;
			path = Snap_Tag.xcdatamodeld;
			sourceTree = "<group>";
			versionGroupType = wrapper.xcdatamodel;
		};
/* End XCVersionGroup section */
	};
	rootObject = CAE9CE8C204909F50027880D /* Project object */;
}
